
Microsoft Visual Studio Solution File, Format Version 12.00
# Visual Studio 2013
VisualStudioVersion = 12.0.30723.0
MinimumVisualStudioVersion = 10.0.40219.1
Project("{FAE04EC0-301F-11D3-BF4B-00C04F79EFBC}") = "Expressions", "Expressions\Expressions.csproj", "{218D5704-4B78-4988-8E1C-D5F6AE8EA7AB}"
EndProject
Project("{FAE04EC0-301F-11D3-BF4B-00C04F79EFBC}") = "Tests", "Tests\Tests.csproj", "{101A3025-833F-4527-8277-A90AC86096AB}"
EndProject
Project("{FAE04EC0-301F-11D3-BF4B-00C04F79EFBC}") = "Repl", "Repl\Repl.csproj", "{EB2BB8CE-B123-42DB-8A1C-D99204828D32}"
EndProject
Global
	GlobalSection(SolutionConfigurationPlatforms) = preSolution
		Debug|Any CPU = Debug|Any CPU
		Release|Any CPU = Release|Any CPU
	EndGlobalSection
	GlobalSection(ProjectConfigurationPlatforms) = postSolution
		{218D5704-4B78-4988-8E1C-D5F6AE8EA7AB}.Debug|Any CPU.ActiveCfg = Debug|Any CPU
		{218D5704-4B78-4988-8E1C-D5F6AE8EA7AB}.Debug|Any CPU.Build.0 = Debug|Any CPU
		{218D5704-4B78-4988-8E1C-D5F6AE8EA7AB}.Release|Any CPU.ActiveCfg = Release|Any CPU
		{218D5704-4B78-4988-8E1C-D5F6AE8EA7AB}.Release|Any CPU.Build.0 = Release|Any CPU
		{101A3025-833F-4527-8277-A90AC86096AB}.Debug|Any CPU.ActiveCfg = Debug|Any CPU
		{101A3025-833F-4527-8277-A90AC86096AB}.Debug|Any CPU.Build.0 = Debug|Any CPU
		{101A3025-833F-4527-8277-A90AC86096AB}.Release|Any CPU.ActiveCfg = Release|Any CPU
		{101A3025-833F-4527-8277-A90AC86096AB}.Release|Any CPU.Build.0 = Release|Any CPU
		{EB2BB8CE-B123-42DB-8A1C-D99204828D32}.Debug|Any CPU.ActiveCfg = Debug|Any CPU
		{EB2BB8CE-B123-42DB-8A1C-D99204828D32}.Debug|Any CPU.Build.0 = Debug|Any CPU
		{EB2BB8CE-B123-42DB-8A1C-D99204828D32}.Release|Any CPU.ActiveCfg = Release|Any CPU
		{EB2BB8CE-B123-42DB-8A1C-D99204828D32}.Release|Any CPU.Build.0 = Release|Any CPU
	EndGlobalSection
	GlobalSection(SolutionProperties) = preSolution
		HideSolutionNode = FALSE
	EndGlobalSection
EndGlobal
